{
  "name": "release",
  "version": "1.0.0",
  "lockfileVersion": 3,
  "requires": true,
  "packages": {
    "": {
      "name": "release",
      "version": "1.0.0",
      "license": "MIT",
      "dependencies": {
        "zod": "^3.23.4"
      },
      "devDependencies": {
        "@cloudflare/workers-types": "^4.20221111.1",
        "typescript": "^5.0.0"
      }
    },
    "node_modules/@cloudflare/workers-types": {
      "version": "4.20240423.0",
      "resolved": "https://registry.npmjs.org/@cloudflare/workers-types/-/workers-types-4.20240423.0.tgz",
      "integrity": "sha512-ssuccb3j+URp6mP2p0PcQE9vmS3YeKBQnALHF9P3yQfUAFozuhTsDTbqmL+zPrJvUcG7SL2xVQkNDF9QJeKDZw==",
      "dev": true
    },
    "node_modules/typescript": {
      "version": "5.4.5",
      "resolved": "https://registry.npmjs.org/typescript/-/typescript-5.4.5.tgz",
      "integrity": "sha512-vcI4UpRgg81oIRUFwR0WSIHKt11nJ7SAVlYNIu+QpqeyXP+gpQJy/Z4+F0aGxSE4MqwjyXvW/TzgkLAx2AGHwQ==",
      "dev": true,
      "bin": {
        "tsc": "bin/tsc",
        "tsserver": "bin/tsserver"
      },
      "engines": {
        "node": ">=14.17"
      }
    },
    "node_modules/zod": {
      "version": "3.23.4",
      "resolved": "https://registry.npmjs.org/zod/-/zod-3.23.4.tgz",
      "integrity": "sha512-/AtWOKbBgjzEYYQRNfoGKHObgfAZag6qUJX1VbHo2PRBgS+wfWagEY2mizjfyAPcGesrJOcx/wcl0L9WnVrHFw==",
      "funding": {
        "url": "https://github.com/sponsors/colinhacks"
      }
    }
  }
}
